
Microsoft Visual Studio Solution File, Format Version 11.00
# Visual Studio 2010
Project("{FAE04EC0-301F-11D3-BF4B-00C04F79EFBC}") = "Domifall", "Assembly-CSharp.csproj", "{0262CC22-9F7A-6CD2-25A9-63A0187F6B64}"
EndProject
Global
	GlobalSection(SolutionConfigurationPlatforms) = preSolution
		Debug|Any CPU = Debug|Any CPU
		Release|Any CPU = Release|Any CPU
	EndGlobalSection
	GlobalSection(ProjectConfigurationPlatforms) = postSolution
		{0262CC22-9F7A-6CD2-25A9-63A0187F6B64}.Debug|Any CPU.ActiveCfg = Debug|Any CPU
		{0262CC22-9F7A-6CD2-25A9-63A0187F6B64}.Debug|Any CPU.Build.0 = Debug|Any CPU
		{0262CC22-9F7A-6CD2-25A9-63A0187F6B64}.Release|Any CPU.ActiveCfg = Release|Any CPU
		{0262CC22-9F7A-6CD2-25A9-63A0187F6B64}.Release|Any CPU.Build.0 = Release|Any CPU
	EndGlobalSection
	GlobalSection(SolutionProperties) = preSolution
		HideSolutionNode = FALSE
	EndGlobalSection
	GlobalSection(MonoDevelopProperties) = preSolution
		StartupItem = Assembly-CSharp.csproj
	EndGlobalSection
EndGlobal
